dependencies:
- name: thanos
  repository: https://charts.bitnami.com/bitnami
  version: 12.13.13
- name: redis
  repository: https://charts.bitnami.com/bitnami
  version: 18.4.0
digest: sha256:17f83e8fa5ed4acc963cfb471b3f6a73e5f347903ccf1a533fb6400628222d89
generated: "2023-11-30T17:09:11.837623668+01:00"
