dependencies:
- name: thanos
  repository: https://charts.bitnami.com/bitnami
  version: 15.7.29
- name: redis
  repository: https://charts.bitnami.com/bitnami
  version: 20.2.1
digest: sha256:c2b490d16032a5e59023fe09f1aa63ee10a8fc82207201ac7cb4741889211383
generated: "2024-10-24T07:03:45.007338212Z"
