dependencies:
- name: thanos
  repository: https://charts.bitnami.com/bitnami
  version: 12.23.2
- name: redis
  repository: https://charts.bitnami.com/bitnami
  version: 18.17.0
digest: sha256:a17ed6b09ca84cad23808e4ff88811be0734c82ec38b946f077631f654d42785
generated: "2024-03-01T07:03:27.16902021Z"
